{
    "name": "demand-client",
    "version": "1.0.0",
    "lockfileVersion": 1,
    "requires": true,
    "dependencies": {
        "@types/node": {
            "version": "12.6.0",
            "resolved": "https://registry.npmjs.org/@types/node/-/node-12.6.0.tgz",
            "integrity": "sha512-dVeOVH/lhZ2Cki5Emh0aKeXUcWG1+EDTkqyzdgPe0ZjzgvBhzSFlogc6rm8uUd0I+XGK5fcp9DsMv5Wofe0/3w==",
            "dev": true
        },
        "typescript": {
            "version": "3.5.2",
            "resolved": "https://registry.npmjs.org/typescript/-/typescript-3.5.2.tgz",
            "integrity": "sha512-7KxJovlYhTX5RaRbUdkAXN1KUZ8PwWlTzQdHV6xNqvuFOs7+WBo10TQUqT19Q/Jz2hk5v9TQDIhyLhhJY4p5AA==",
            "dev": true
        }
    }
}
